{"1.1.0",
[{<<"aleppo">>,{pkg,<<"aleppo">>,<<"0.9.0">>},0},
 {<<"efene">>,
  {git,"https://github.com/efene/efene.git",
       {ref,"ff55b6f32acdfc2e177584d17e319538e79fa6b2"}},
  0},
 {<<"jsx">>,
  {git,"https://github.com/talentdeficit/jsx.git",
       {ref,"3074d4865b3385a050badf7828ad31490d860df5"}},
  0}]}.
[
{pkg_hash,[
 {<<"aleppo">>, <<"43B4EC269FA136E39DCECBD4323D4346E0EF069A62528A9154F1BB3ACD26E3E4">>}]}
].
