{"1.2.0",
[{<<"aleppo">>,{pkg,<<"aleppo">>,<<"0.9.0">>},0},
 {<<"ast_walk">>,{pkg,<<"ast_walk">>,<<"0.3.1">>},0},
 {<<"efene">>,{pkg,<<"efene">>,<<"0.99.2">>},0},
 {<<"jsx">>,{pkg,<<"jsx">>,<<"3.1.0">>},0}]}.
[
{pkg_hash,[
 {<<"aleppo">>, <<"43B4EC269FA136E39DCECBD4323D4346E0EF069A62528A9154F1BB3ACD26E3E4">>},
 {<<"ast_walk">>, <<"3E513446DCEF39ADB62DD578AEEA32E1DA6802482170A2E7500B2F0575E14ABF">>},
 {<<"efene">>, <<"FC74F9506DBA3232B0C4D6A5494426FC6D1C73AB71CAD0D066E933E79BC1120E">>},
 {<<"jsx">>, <<"D12516BAA0BB23A59BB35DCCAF02A1BD08243FCBB9EFE24F2D9D056CCFF71268">>}]},
{pkg_hash_ext,[
 {<<"aleppo">>, <<"2F360631D64DA53F40621714E157FD33805A95D0160D5C62FCFB3E132986CE71">>},
 {<<"ast_walk">>, <<"9548DD7629FD9614F1520AFFDD05DB14E5A2103B7A91856EB4DACD84ED089C25">>},
 {<<"efene">>, <<"4796846239DB628F4180848FFBDD0EACA54D5EA472AAC34EE621810EF91C34AC">>},
 {<<"jsx">>, <<"0C5CC8FDC11B53CC25CF65AC6705AD39E54ECC56D1C22E4ADB8F5A53FB9427F3">>}]}
].
